
Microsoft Visual Studio Solution File, Format Version 12.00
# Visual Studio Version 17
VisualStudioVersion = 17.5.33530.505
MinimumVisualStudioVersion = 10.0.40219.1
Project("{9A19103F-16F7-4668-BE54-9A1E7A4F7556}") = "BI.API", "BI.API\BI.API.csproj", "{6FD680A8-D3EA-490F-8A89-F7B7789A09D9}"
EndProject
Project("{9A19103F-16F7-4668-BE54-9A1E7A4F7556}") = "BI.Core", "BI.Core\BI.Core.csproj", "{ABB6A6E5-736B-45C1-AC5E-E264F894D3D2}"
EndProject
Project("{FAE04EC0-301F-11D3-BF4B-00C04F79EFBC}") = "BI.Database", "BI.Database\BI.Database.csproj", "{3E3CC833-FB95-4B28-8380-96198E0DFC1B}"
EndProject
Project("{FAE04EC0-301F-11D3-BF4B-00C04F79EFBC}") = "BI.Domain", "BI.Domain\BI.Domain.csproj", "{EA38B600-B111-4202-B4A5-73A3045F764E}"
EndProject
Project("{FAE04EC0-301F-11D3-BF4B-00C04F79EFBC}") = "BI.Infrastructure", "BI.Infrastructure\BI.Infrastructure.csproj", "{CB5974D1-C0E6-4871-8C1D-712456C5727D}"
EndProject
Global
	GlobalSection(SolutionConfigurationPlatforms) = preSolution
		Debug|Any CPU = Debug|Any CPU
		Release|Any CPU = Release|Any CPU
	EndGlobalSection
	GlobalSection(ProjectConfigurationPlatforms) = postSolution
		{6FD680A8-D3EA-490F-8A89-F7B7789A09D9}.Debug|Any CPU.ActiveCfg = Debug|Any CPU
		{6FD680A8-D3EA-490F-8A89-F7B7789A09D9}.Debug|Any CPU.Build.0 = Debug|Any CPU
		{6FD680A8-D3EA-490F-8A89-F7B7789A09D9}.Release|Any CPU.ActiveCfg = Release|Any CPU
		{6FD680A8-D3EA-490F-8A89-F7B7789A09D9}.Release|Any CPU.Build.0 = Release|Any CPU
		{ABB6A6E5-736B-45C1-AC5E-E264F894D3D2}.Debug|Any CPU.ActiveCfg = Debug|Any CPU
		{ABB6A6E5-736B-45C1-AC5E-E264F894D3D2}.Debug|Any CPU.Build.0 = Debug|Any CPU
		{ABB6A6E5-736B-45C1-AC5E-E264F894D3D2}.Release|Any CPU.ActiveCfg = Release|Any CPU
		{ABB6A6E5-736B-45C1-AC5E-E264F894D3D2}.Release|Any CPU.Build.0 = Release|Any CPU
		{3E3CC833-FB95-4B28-8380-96198E0DFC1B}.Debug|Any CPU.ActiveCfg = Debug|Any CPU
		{3E3CC833-FB95-4B28-8380-96198E0DFC1B}.Debug|Any CPU.Build.0 = Debug|Any CPU
		{3E3CC833-FB95-4B28-8380-96198E0DFC1B}.Release|Any CPU.ActiveCfg = Release|Any CPU
		{3E3CC833-FB95-4B28-8380-96198E0DFC1B}.Release|Any CPU.Build.0 = Release|Any CPU
		{EA38B600-B111-4202-B4A5-73A3045F764E}.Debug|Any CPU.ActiveCfg = Debug|Any CPU
		{EA38B600-B111-4202-B4A5-73A3045F764E}.Debug|Any CPU.Build.0 = Debug|Any CPU
		{EA38B600-B111-4202-B4A5-73A3045F764E}.Release|Any CPU.ActiveCfg = Release|Any CPU
		{EA38B600-B111-4202-B4A5-73A3045F764E}.Release|Any CPU.Build.0 = Release|Any CPU
		{CB5974D1-C0E6-4871-8C1D-712456C5727D}.Debug|Any CPU.ActiveCfg = Debug|Any CPU
		{CB5974D1-C0E6-4871-8C1D-712456C5727D}.Debug|Any CPU.Build.0 = Debug|Any CPU
		{CB5974D1-C0E6-4871-8C1D-712456C5727D}.Release|Any CPU.ActiveCfg = Release|Any CPU
		{CB5974D1-C0E6-4871-8C1D-712456C5727D}.Release|Any CPU.Build.0 = Release|Any CPU
	EndGlobalSection
	GlobalSection(SolutionProperties) = preSolution
		HideSolutionNode = FALSE
	EndGlobalSection
	GlobalSection(ExtensibilityGlobals) = postSolution
		SolutionGuid = {E01E48CA-1BD9-410D-BBBC-C4CC97604F65}
	EndGlobalSection
EndGlobal
